
Microsoft Visual Studio Solution File, Format Version 12.00
# Visual Studio Version 16
VisualStudioVersion = 16.0.29609.76
MinimumVisualStudioVersion = 10.0.40219.1
Project("{FAE04EC0-301F-11D3-BF4B-00C04F79EFBC}") = "CustomCheckbox Content", "CustomCheckbox Content\CustomCheckbox Content.csproj", "{DDED2B75-78B4-42FA-B633-5AD8609CCEB1}"
EndProject
Global
	GlobalSection(SolutionConfigurationPlatforms) = preSolution
		Debug|Any CPU = Debug|Any CPU
		Release|Any CPU = Release|Any CPU
	EndGlobalSection
	GlobalSection(ProjectConfigurationPlatforms) = postSolution
		{DDED2B75-78B4-42FA-B633-5AD8609CCEB1}.Debug|Any CPU.ActiveCfg = Debug|Any CPU
		{DDED2B75-78B4-42FA-B633-5AD8609CCEB1}.Debug|Any CPU.Build.0 = Debug|Any CPU
		{DDED2B75-78B4-42FA-B633-5AD8609CCEB1}.Release|Any CPU.ActiveCfg = Release|Any CPU
		{DDED2B75-78B4-42FA-B633-5AD8609CCEB1}.Release|Any CPU.Build.0 = Release|Any CPU
	EndGlobalSection
	GlobalSection(SolutionProperties) = preSolution
		HideSolutionNode = FALSE
	EndGlobalSection
	GlobalSection(ExtensibilityGlobals) = postSolution
		SolutionGuid = {B6F032BF-BA3B-4F7A-90D0-BAE0EF37C958}
	EndGlobalSection
EndGlobal
