
Microsoft Visual Studio Solution File, Format Version 12.00
# Visual Studio Version 16
VisualStudioVersion = 16.0.29418.71
MinimumVisualStudioVersion = 10.0.40219.1
Project("{FAE04EC0-301F-11D3-BF4B-00C04F79EFBC}") = "WpfApp25", "WpfApp25\WpfApp25.csproj", "{6FA594FD-0420-43C4-AA55-05BF35ED8F4B}"
EndProject
Global
	GlobalSection(SolutionConfigurationPlatforms) = preSolution
		Debug|Any CPU = Debug|Any CPU
		Release|Any CPU = Release|Any CPU
	EndGlobalSection
	GlobalSection(ProjectConfigurationPlatforms) = postSolution
		{6FA594FD-0420-43C4-AA55-05BF35ED8F4B}.Debug|Any CPU.ActiveCfg = Debug|Any CPU
		{6FA594FD-0420-43C4-AA55-05BF35ED8F4B}.Debug|Any CPU.Build.0 = Debug|Any CPU
		{6FA594FD-0420-43C4-AA55-05BF35ED8F4B}.Release|Any CPU.ActiveCfg = Release|Any CPU
		{6FA594FD-0420-43C4-AA55-05BF35ED8F4B}.Release|Any CPU.Build.0 = Release|Any CPU
	EndGlobalSection
	GlobalSection(SolutionProperties) = preSolution
		HideSolutionNode = FALSE
	EndGlobalSection
	GlobalSection(ExtensibilityGlobals) = postSolution
		SolutionGuid = {1A91441A-A258-4172-A5A6-8F22D40D76CB}
	EndGlobalSection
EndGlobal
