
Microsoft Visual Studio Solution File, Format Version 12.00
# Visual Studio Version 16
VisualStudioVersion = 16.0.29609.76
MinimumVisualStudioVersion = 10.0.40219.1
Project("{FAE04EC0-301F-11D3-BF4B-00C04F79EFBC}") = "WpfApp2", "WpfApp2\WpfApp2.csproj", "{A48AD0D0-B81D-49BC-B7B4-9515BD3C67FE}"
EndProject
Global
	GlobalSection(SolutionConfigurationPlatforms) = preSolution
		Debug|Any CPU = Debug|Any CPU
		Release|Any CPU = Release|Any CPU
	EndGlobalSection
	GlobalSection(ProjectConfigurationPlatforms) = postSolution
		{A48AD0D0-B81D-49BC-B7B4-9515BD3C67FE}.Debug|Any CPU.ActiveCfg = Debug|Any CPU
		{A48AD0D0-B81D-49BC-B7B4-9515BD3C67FE}.Debug|Any CPU.Build.0 = Debug|Any CPU
		{A48AD0D0-B81D-49BC-B7B4-9515BD3C67FE}.Release|Any CPU.ActiveCfg = Release|Any CPU
		{A48AD0D0-B81D-49BC-B7B4-9515BD3C67FE}.Release|Any CPU.Build.0 = Release|Any CPU
	EndGlobalSection
	GlobalSection(SolutionProperties) = preSolution
		HideSolutionNode = FALSE
	EndGlobalSection
	GlobalSection(ExtensibilityGlobals) = postSolution
		SolutionGuid = {C14B8A98-6DE6-4025-B5F8-DE6E8093469C}
	EndGlobalSection
EndGlobal
