
Microsoft Visual Studio Solution File, Format Version 12.00
# Visual Studio Version 16
VisualStudioVersion = 16.0.29609.76
MinimumVisualStudioVersion = 10.0.40219.1
Project("{FAE04EC0-301F-11D3-BF4B-00C04F79EFBC}") = "WpfApp2", "WpfApp2\WpfApp2.csproj", "{65F642F2-4864-4798-8FC7-B7126A6A6935}"
EndProject
Global
	GlobalSection(SolutionConfigurationPlatforms) = preSolution
		Debug|Any CPU = Debug|Any CPU
		Release|Any CPU = Release|Any CPU
	EndGlobalSection
	GlobalSection(ProjectConfigurationPlatforms) = postSolution
		{65F642F2-4864-4798-8FC7-B7126A6A6935}.Debug|Any CPU.ActiveCfg = Debug|Any CPU
		{65F642F2-4864-4798-8FC7-B7126A6A6935}.Debug|Any CPU.Build.0 = Debug|Any CPU
		{65F642F2-4864-4798-8FC7-B7126A6A6935}.Release|Any CPU.ActiveCfg = Release|Any CPU
		{65F642F2-4864-4798-8FC7-B7126A6A6935}.Release|Any CPU.Build.0 = Release|Any CPU
	EndGlobalSection
	GlobalSection(SolutionProperties) = preSolution
		HideSolutionNode = FALSE
	EndGlobalSection
	GlobalSection(ExtensibilityGlobals) = postSolution
		SolutionGuid = {A83F73CB-B301-46CF-835A-24574D4688E2}
	EndGlobalSection
EndGlobal
